
Microsoft Visual Studio Solution File, Format Version 11.00
# Visual Studio 2010
Project("{FAE04EC0-301F-11D3-BF4B-00C04F79EFBC}") = "SmartStage", "SmartStage\SmartStage.csproj", "{FC613A0E-FA10-4108-A29B-58208268B277}"
EndProject
Global
	GlobalSection(SolutionConfigurationPlatforms) = preSolution
		Debug|Any CPU = Debug|Any CPU
		Release|Any CPU = Release|Any CPU
	EndGlobalSection
	GlobalSection(ProjectConfigurationPlatforms) = postSolution
		{FC613A0E-FA10-4108-A29B-58208268B277}.Debug|Any CPU.ActiveCfg = Debug|Any CPU
		{FC613A0E-FA10-4108-A29B-58208268B277}.Debug|Any CPU.Build.0 = Debug|Any CPU
		{FC613A0E-FA10-4108-A29B-58208268B277}.Release|Any CPU.ActiveCfg = Release|Any CPU
		{FC613A0E-FA10-4108-A29B-58208268B277}.Release|Any CPU.Build.0 = Release|Any CPU
	EndGlobalSection
	GlobalSection(MonoDevelopProperties) = preSolution
		StartupItem = SmartStage\SmartStage.csproj
		version = 0.3
	EndGlobalSection
EndGlobal
